
Microsoft Visual Studio Solution File, Format Version 12.00
# Visual Studio 2012
Project("{2150E333-8FDC-42A3-9474-1A3956D46DE8}") = "FrontEnd", "FrontEnd", "{268E0175-D555-4BC5-B73B-16F91662FE6A}"
EndProject
Project("{2150E333-8FDC-42A3-9474-1A3956D46DE8}") = "BackEnd", "BackEnd", "{B096B8E6-A37B-448E-84E3-BDA2B6EFC47F}"
EndProject
Project("{2150E333-8FDC-42A3-9474-1A3956D46DE8}") = "CrossCutting", "CrossCutting", "{760F36C0-A1E7-4A79-AFF3-C32CA6628C8D}"
EndProject
Project("{2150E333-8FDC-42A3-9474-1A3956D46DE8}") = "Dependency Injection", "Dependency Injection", "{459F26B9-291B-40CC-9B44-B7FC468490A7}"
EndProject
Project("{2150E333-8FDC-42A3-9474-1A3956D46DE8}") = "Test", "Test", "{ED2F5B34-3490-4D44-B114-D65E41680E45}"
EndProject
Project("{FAE04EC0-301F-11D3-BF4B-00C04F79EFBC}") = "Blog.UI", "Blog.UI\Blog.UI.csproj", "{0CBF3A31-6E86-4ACE-9A7F-8C2ECE81D38A}"
EndProject
Project("{FAE04EC0-301F-11D3-BF4B-00C04F79EFBC}") = "Blog.BL", "Blog.BL\Blog.BL.csproj", "{38898F62-FE11-4F6D-8DE4-E2EDB4A5D573}"
EndProject
Project("{FAE04EC0-301F-11D3-BF4B-00C04F79EFBC}") = "Blog.DA", "Blog.DA\Blog.DA.csproj", "{55E354F4-A82E-453D-BCA9-E4ECC8D30117}"
EndProject
Project("{FAE04EC0-301F-11D3-BF4B-00C04F79EFBC}") = "Blog.Entities", "Blog.Entities\Blog.Entities.csproj", "{FD857494-E2AB-42FA-A15C-6DF340FB7EB2}"
EndProject
Project("{FAE04EC0-301F-11D3-BF4B-00C04F79EFBC}") = "DI", "DI\DI.csproj", "{AB9D1E81-918B-4149-9576-19B3E0EB4E90}"
EndProject
Project("{FAE04EC0-301F-11D3-BF4B-00C04F79EFBC}") = "BlogTests", "BlogTests\BlogTests.csproj", "{9C3BB54A-5AB9-4B0F-8803-2A002403B7E7}"
EndProject
Project("{FAE04EC0-301F-11D3-BF4B-00C04F79EFBC}") = "Blog.Extensions", "Blog.Extensions\Blog.Extensions.csproj", "{F0EFC1FC-1E40-460F-9FC1-1D4970AB905A}"
EndProject
Project("{FAE04EC0-301F-11D3-BF4B-00C04F79EFBC}") = "Blog.Web.Security", "System.Web.Security\Blog.Web.Security.csproj", "{A953BAF0-043E-450B-83C3-6D230CA22C60}"
EndProject
Global
	GlobalSection(SolutionConfigurationPlatforms) = preSolution
		Debug|Any CPU = Debug|Any CPU
		Release|Any CPU = Release|Any CPU
	EndGlobalSection
	GlobalSection(ProjectConfigurationPlatforms) = postSolution
		{0CBF3A31-6E86-4ACE-9A7F-8C2ECE81D38A}.Debug|Any CPU.ActiveCfg = Debug|Any CPU
		{0CBF3A31-6E86-4ACE-9A7F-8C2ECE81D38A}.Debug|Any CPU.Build.0 = Debug|Any CPU
		{0CBF3A31-6E86-4ACE-9A7F-8C2ECE81D38A}.Release|Any CPU.ActiveCfg = Release|Any CPU
		{0CBF3A31-6E86-4ACE-9A7F-8C2ECE81D38A}.Release|Any CPU.Build.0 = Release|Any CPU
		{38898F62-FE11-4F6D-8DE4-E2EDB4A5D573}.Debug|Any CPU.ActiveCfg = Debug|Any CPU
		{38898F62-FE11-4F6D-8DE4-E2EDB4A5D573}.Debug|Any CPU.Build.0 = Debug|Any CPU
		{38898F62-FE11-4F6D-8DE4-E2EDB4A5D573}.Release|Any CPU.ActiveCfg = Release|Any CPU
		{38898F62-FE11-4F6D-8DE4-E2EDB4A5D573}.Release|Any CPU.Build.0 = Release|Any CPU
		{55E354F4-A82E-453D-BCA9-E4ECC8D30117}.Debug|Any CPU.ActiveCfg = Debug|Any CPU
		{55E354F4-A82E-453D-BCA9-E4ECC8D30117}.Debug|Any CPU.Build.0 = Debug|Any CPU
		{55E354F4-A82E-453D-BCA9-E4ECC8D30117}.Release|Any CPU.ActiveCfg = Release|Any CPU
		{55E354F4-A82E-453D-BCA9-E4ECC8D30117}.Release|Any CPU.Build.0 = Release|Any CPU
		{FD857494-E2AB-42FA-A15C-6DF340FB7EB2}.Debug|Any CPU.ActiveCfg = Debug|Any CPU
		{FD857494-E2AB-42FA-A15C-6DF340FB7EB2}.Debug|Any CPU.Build.0 = Debug|Any CPU
		{FD857494-E2AB-42FA-A15C-6DF340FB7EB2}.Release|Any CPU.ActiveCfg = Release|Any CPU
		{FD857494-E2AB-42FA-A15C-6DF340FB7EB2}.Release|Any CPU.Build.0 = Release|Any CPU
		{AB9D1E81-918B-4149-9576-19B3E0EB4E90}.Debug|Any CPU.ActiveCfg = Debug|Any CPU
		{AB9D1E81-918B-4149-9576-19B3E0EB4E90}.Debug|Any CPU.Build.0 = Debug|Any CPU
		{AB9D1E81-918B-4149-9576-19B3E0EB4E90}.Release|Any CPU.ActiveCfg = Release|Any CPU
		{AB9D1E81-918B-4149-9576-19B3E0EB4E90}.Release|Any CPU.Build.0 = Release|Any CPU
		{9C3BB54A-5AB9-4B0F-8803-2A002403B7E7}.Debug|Any CPU.ActiveCfg = Debug|Any CPU
		{9C3BB54A-5AB9-4B0F-8803-2A002403B7E7}.Debug|Any CPU.Build.0 = Debug|Any CPU
		{9C3BB54A-5AB9-4B0F-8803-2A002403B7E7}.Release|Any CPU.ActiveCfg = Release|Any CPU
		{9C3BB54A-5AB9-4B0F-8803-2A002403B7E7}.Release|Any CPU.Build.0 = Release|Any CPU
		{F0EFC1FC-1E40-460F-9FC1-1D4970AB905A}.Debug|Any CPU.ActiveCfg = Debug|Any CPU
		{F0EFC1FC-1E40-460F-9FC1-1D4970AB905A}.Debug|Any CPU.Build.0 = Debug|Any CPU
		{F0EFC1FC-1E40-460F-9FC1-1D4970AB905A}.Release|Any CPU.ActiveCfg = Release|Any CPU
		{F0EFC1FC-1E40-460F-9FC1-1D4970AB905A}.Release|Any CPU.Build.0 = Release|Any CPU
		{A953BAF0-043E-450B-83C3-6D230CA22C60}.Debug|Any CPU.ActiveCfg = Debug|Any CPU
		{A953BAF0-043E-450B-83C3-6D230CA22C60}.Debug|Any CPU.Build.0 = Debug|Any CPU
		{A953BAF0-043E-450B-83C3-6D230CA22C60}.Release|Any CPU.ActiveCfg = Release|Any CPU
		{A953BAF0-043E-450B-83C3-6D230CA22C60}.Release|Any CPU.Build.0 = Release|Any CPU
	EndGlobalSection
	GlobalSection(SolutionProperties) = preSolution
		HideSolutionNode = FALSE
	EndGlobalSection
	GlobalSection(NestedProjects) = preSolution
		{0CBF3A31-6E86-4ACE-9A7F-8C2ECE81D38A} = {268E0175-D555-4BC5-B73B-16F91662FE6A}
		{38898F62-FE11-4F6D-8DE4-E2EDB4A5D573} = {B096B8E6-A37B-448E-84E3-BDA2B6EFC47F}
		{55E354F4-A82E-453D-BCA9-E4ECC8D30117} = {B096B8E6-A37B-448E-84E3-BDA2B6EFC47F}
		{A953BAF0-043E-450B-83C3-6D230CA22C60} = {B096B8E6-A37B-448E-84E3-BDA2B6EFC47F}
		{FD857494-E2AB-42FA-A15C-6DF340FB7EB2} = {760F36C0-A1E7-4A79-AFF3-C32CA6628C8D}
		{F0EFC1FC-1E40-460F-9FC1-1D4970AB905A} = {760F36C0-A1E7-4A79-AFF3-C32CA6628C8D}
		{AB9D1E81-918B-4149-9576-19B3E0EB4E90} = {459F26B9-291B-40CC-9B44-B7FC468490A7}
		{9C3BB54A-5AB9-4B0F-8803-2A002403B7E7} = {ED2F5B34-3490-4D44-B114-D65E41680E45}
	EndGlobalSection
EndGlobal
